
Microsoft Visual Studio Solution File, Format Version 12.00
# Visual Studio Version 16
VisualStudioVersion = 16.0.30907.101
MinimumVisualStudioVersion = 10.0.40219.1
Project("{FAE04EC0-301F-11D3-BF4B-00C04F79EFBC}") = "RestWrapperCore", "RestWrapperCore.csproj", "{AFD36076-755D-44ED-AA12-5A405DDF75B1}"
EndProject
Project("{FAE04EC0-301F-11D3-BF4B-00C04F79EFBC}") = "Example", "..\Example\Example.csproj", "{F50E3CA6-FEC9-4D59-8EFC-FBEECF8BF2A7}"
EndProject
Global
	GlobalSection(SolutionConfigurationPlatforms) = preSolution
		Debug|Any CPU = Debug|Any CPU
		Release|Any CPU = Release|Any CPU
	EndGlobalSection
	GlobalSection(ProjectConfigurationPlatforms) = postSolution
		{AFD36076-755D-44ED-AA12-5A405DDF75B1}.Debug|Any CPU.ActiveCfg = Debug|Any CPU
		{AFD36076-755D-44ED-AA12-5A405DDF75B1}.Debug|Any CPU.Build.0 = Debug|Any CPU
		{AFD36076-755D-44ED-AA12-5A405DDF75B1}.Release|Any CPU.ActiveCfg = Release|Any CPU
		{AFD36076-755D-44ED-AA12-5A405DDF75B1}.Release|Any CPU.Build.0 = Release|Any CPU
		{F50E3CA6-FEC9-4D59-8EFC-FBEECF8BF2A7}.Debug|Any CPU.ActiveCfg = Debug|Any CPU
		{F50E3CA6-FEC9-4D59-8EFC-FBEECF8BF2A7}.Debug|Any CPU.Build.0 = Debug|Any CPU
		{F50E3CA6-FEC9-4D59-8EFC-FBEECF8BF2A7}.Release|Any CPU.ActiveCfg = Release|Any CPU
		{F50E3CA6-FEC9-4D59-8EFC-FBEECF8BF2A7}.Release|Any CPU.Build.0 = Release|Any CPU
	EndGlobalSection
	GlobalSection(SolutionProperties) = preSolution
		HideSolutionNode = FALSE
	EndGlobalSection
	GlobalSection(ExtensibilityGlobals) = postSolution
		SolutionGuid = {FF8C60D8-DD53-4F64-80B3-2B74AFE17322}
	EndGlobalSection
EndGlobal
